
Microsoft Visual Studio Solution File, Format Version 12.00
# Visual Studio 15
VisualStudioVersion = 15.0.26124.0
MinimumVisualStudioVersion = 15.0.26124.0
Project("{9A19103F-16F7-4668-BE54-9A1E7A4F7556}") = "MP", "src\projects\MP\MP.csproj", "{42EE2D53-E2E1-4A51-A2F5-719CAFBADA55}"
EndProject
Project("{9A19103F-16F7-4668-BE54-9A1E7A4F7556}") = "Windsoftcn.Utils", "src\lib\Windsoftcn.Utils\Windsoftcn.Utils.csproj", "{D2CCB8A1-CB1D-4BFB-8907-C691DD7267E3}"
EndProject
Project("{9A19103F-16F7-4668-BE54-9A1E7A4F7556}") = "Windsoftcn.Caching.LazyCache", "src\lib\Windsoftcn.Caching.LazyCache\Windsoftcn.Caching.LazyCache.csproj", "{033DF5E0-1F5F-4C0D-A9EE-23A6795DF9AE}"
EndProject
Global
	GlobalSection(SolutionConfigurationPlatforms) = preSolution
		Debug|Any CPU = Debug|Any CPU
		Debug|x64 = Debug|x64
		Debug|x86 = Debug|x86
		Release|Any CPU = Release|Any CPU
		Release|x64 = Release|x64
		Release|x86 = Release|x86
	EndGlobalSection
	GlobalSection(ProjectConfigurationPlatforms) = postSolution
		{42EE2D53-E2E1-4A51-A2F5-719CAFBADA55}.Debug|Any CPU.ActiveCfg = Debug|Any CPU
		{42EE2D53-E2E1-4A51-A2F5-719CAFBADA55}.Debug|Any CPU.Build.0 = Debug|Any CPU
		{42EE2D53-E2E1-4A51-A2F5-719CAFBADA55}.Debug|x64.ActiveCfg = Debug|Any CPU
		{42EE2D53-E2E1-4A51-A2F5-719CAFBADA55}.Debug|x64.Build.0 = Debug|Any CPU
		{42EE2D53-E2E1-4A51-A2F5-719CAFBADA55}.Debug|x86.ActiveCfg = Debug|Any CPU
		{42EE2D53-E2E1-4A51-A2F5-719CAFBADA55}.Debug|x86.Build.0 = Debug|Any CPU
		{42EE2D53-E2E1-4A51-A2F5-719CAFBADA55}.Release|Any CPU.ActiveCfg = Release|Any CPU
		{42EE2D53-E2E1-4A51-A2F5-719CAFBADA55}.Release|Any CPU.Build.0 = Release|Any CPU
		{42EE2D53-E2E1-4A51-A2F5-719CAFBADA55}.Release|x64.ActiveCfg = Release|Any CPU
		{42EE2D53-E2E1-4A51-A2F5-719CAFBADA55}.Release|x64.Build.0 = Release|Any CPU
		{42EE2D53-E2E1-4A51-A2F5-719CAFBADA55}.Release|x86.ActiveCfg = Release|Any CPU
		{42EE2D53-E2E1-4A51-A2F5-719CAFBADA55}.Release|x86.Build.0 = Release|Any CPU
		{D2CCB8A1-CB1D-4BFB-8907-C691DD7267E3}.Debug|Any CPU.ActiveCfg = Debug|Any CPU
		{D2CCB8A1-CB1D-4BFB-8907-C691DD7267E3}.Debug|Any CPU.Build.0 = Debug|Any CPU
		{D2CCB8A1-CB1D-4BFB-8907-C691DD7267E3}.Debug|x64.ActiveCfg = Debug|Any CPU
		{D2CCB8A1-CB1D-4BFB-8907-C691DD7267E3}.Debug|x64.Build.0 = Debug|Any CPU
		{D2CCB8A1-CB1D-4BFB-8907-C691DD7267E3}.Debug|x86.ActiveCfg = Debug|Any CPU
		{D2CCB8A1-CB1D-4BFB-8907-C691DD7267E3}.Debug|x86.Build.0 = Debug|Any CPU
		{D2CCB8A1-CB1D-4BFB-8907-C691DD7267E3}.Release|Any CPU.ActiveCfg = Release|Any CPU
		{D2CCB8A1-CB1D-4BFB-8907-C691DD7267E3}.Release|Any CPU.Build.0 = Release|Any CPU
		{D2CCB8A1-CB1D-4BFB-8907-C691DD7267E3}.Release|x64.ActiveCfg = Release|Any CPU
		{D2CCB8A1-CB1D-4BFB-8907-C691DD7267E3}.Release|x64.Build.0 = Release|Any CPU
		{D2CCB8A1-CB1D-4BFB-8907-C691DD7267E3}.Release|x86.ActiveCfg = Release|Any CPU
		{D2CCB8A1-CB1D-4BFB-8907-C691DD7267E3}.Release|x86.Build.0 = Release|Any CPU
		{033DF5E0-1F5F-4C0D-A9EE-23A6795DF9AE}.Debug|Any CPU.ActiveCfg = Debug|Any CPU
		{033DF5E0-1F5F-4C0D-A9EE-23A6795DF9AE}.Debug|Any CPU.Build.0 = Debug|Any CPU
		{033DF5E0-1F5F-4C0D-A9EE-23A6795DF9AE}.Debug|x64.ActiveCfg = Debug|Any CPU
		{033DF5E0-1F5F-4C0D-A9EE-23A6795DF9AE}.Debug|x64.Build.0 = Debug|Any CPU
		{033DF5E0-1F5F-4C0D-A9EE-23A6795DF9AE}.Debug|x86.ActiveCfg = Debug|Any CPU
		{033DF5E0-1F5F-4C0D-A9EE-23A6795DF9AE}.Debug|x86.Build.0 = Debug|Any CPU
		{033DF5E0-1F5F-4C0D-A9EE-23A6795DF9AE}.Release|Any CPU.ActiveCfg = Release|Any CPU
		{033DF5E0-1F5F-4C0D-A9EE-23A6795DF9AE}.Release|Any CPU.Build.0 = Release|Any CPU
		{033DF5E0-1F5F-4C0D-A9EE-23A6795DF9AE}.Release|x64.ActiveCfg = Release|Any CPU
		{033DF5E0-1F5F-4C0D-A9EE-23A6795DF9AE}.Release|x64.Build.0 = Release|Any CPU
		{033DF5E0-1F5F-4C0D-A9EE-23A6795DF9AE}.Release|x86.ActiveCfg = Release|Any CPU
		{033DF5E0-1F5F-4C0D-A9EE-23A6795DF9AE}.Release|x86.Build.0 = Release|Any CPU
	EndGlobalSection
	GlobalSection(SolutionProperties) = preSolution
		HideSolutionNode = FALSE
	EndGlobalSection
	GlobalSection(ExtensibilityGlobals) = postSolution
		SolutionGuid = {399387A7-B682-458A-ABD9-6108327DEBDD}
	EndGlobalSection
EndGlobal
